
Microsoft Visual Studio Solution File, Format Version 12.00
# Visual Studio Version 16
VisualStudioVersion = 16.0.29728.190
MinimumVisualStudioVersion = 10.0.40219.1
Project("{FAE04EC0-301F-11D3-BF4B-00C04F79EFBC}") = "algorithms", "algorithms\algorithms.csproj", "{F21B493C-7511-42E9-8923-2BA05677879A}"
EndProject
Project("{FAE04EC0-301F-11D3-BF4B-00C04F79EFBC}") = "visualizations", "visualizations\visualizations.csproj", "{FA701B17-3DAD-4CBA-9A1B-6846676877C8}"
EndProject
Project("{FAE04EC0-301F-11D3-BF4B-00C04F79EFBC}") = "tests", "tests\tests.csproj", "{9E1C822F-5B00-4BA8-AF0E-29E6BB3434DE}"
EndProject
Project("{FAE04EC0-301F-11D3-BF4B-00C04F79EFBC}") = "games", "games\games.csproj", "{31BAB158-C7AA-4029-9211-C3944DE60E7D}"
EndProject
Global
	GlobalSection(SolutionConfigurationPlatforms) = preSolution
		Debug|Any CPU = Debug|Any CPU
		Release|Any CPU = Release|Any CPU
	EndGlobalSection
	GlobalSection(ProjectConfigurationPlatforms) = postSolution
		{F21B493C-7511-42E9-8923-2BA05677879A}.Debug|Any CPU.ActiveCfg = Debug|Any CPU
		{F21B493C-7511-42E9-8923-2BA05677879A}.Debug|Any CPU.Build.0 = Debug|Any CPU
		{F21B493C-7511-42E9-8923-2BA05677879A}.Release|Any CPU.ActiveCfg = Release|Any CPU
		{F21B493C-7511-42E9-8923-2BA05677879A}.Release|Any CPU.Build.0 = Release|Any CPU
		{FA701B17-3DAD-4CBA-9A1B-6846676877C8}.Debug|Any CPU.ActiveCfg = Debug|Any CPU
		{FA701B17-3DAD-4CBA-9A1B-6846676877C8}.Debug|Any CPU.Build.0 = Debug|Any CPU
		{FA701B17-3DAD-4CBA-9A1B-6846676877C8}.Release|Any CPU.ActiveCfg = Release|Any CPU
		{FA701B17-3DAD-4CBA-9A1B-6846676877C8}.Release|Any CPU.Build.0 = Release|Any CPU
		{9E1C822F-5B00-4BA8-AF0E-29E6BB3434DE}.Debug|Any CPU.ActiveCfg = Debug|Any CPU
		{9E1C822F-5B00-4BA8-AF0E-29E6BB3434DE}.Debug|Any CPU.Build.0 = Debug|Any CPU
		{9E1C822F-5B00-4BA8-AF0E-29E6BB3434DE}.Release|Any CPU.ActiveCfg = Release|Any CPU
		{9E1C822F-5B00-4BA8-AF0E-29E6BB3434DE}.Release|Any CPU.Build.0 = Release|Any CPU
		{31BAB158-C7AA-4029-9211-C3944DE60E7D}.Debug|Any CPU.ActiveCfg = Debug|Any CPU
		{31BAB158-C7AA-4029-9211-C3944DE60E7D}.Debug|Any CPU.Build.0 = Debug|Any CPU
		{31BAB158-C7AA-4029-9211-C3944DE60E7D}.Release|Any CPU.ActiveCfg = Release|Any CPU
		{31BAB158-C7AA-4029-9211-C3944DE60E7D}.Release|Any CPU.Build.0 = Release|Any CPU
	EndGlobalSection
	GlobalSection(SolutionProperties) = preSolution
		HideSolutionNode = FALSE
	EndGlobalSection
	GlobalSection(ExtensibilityGlobals) = postSolution
		SolutionGuid = {3D3F356C-8581-41CE-B062-7F3CF1D93879}
	EndGlobalSection
EndGlobal
